// !$*UTF8*$!
{
	archiveVersion = 1;
	classes = {
	};
	objectVersion = 55;
	objects = {

/* Begin PBXBuildFile section */
		1479629427CBAED7008E6D7B /* AppDelegate.swift in Sources */ = {isa = PBXBuildFile; fileRef = 1479629327CBAED7008E6D7B /* AppDelegate.swift */; };
		1479629627CBAED7008E6D7B /* SceneDelegate.swift in Sources */ = {isa = PBXBuildFile; fileRef = 1479629527CBAED7008E6D7B /* SceneDelegate.swift */; };
		1479629827CBAED7008E6D7B /* recordSoundsViewController.swift in Sources */ = {isa = PBXBuildFile; fileRef = 1479629727CBAED7008E6D7B /* recordSoundsViewController.swift */; };
		1479629B27CBAED7008E6D7B /* Main.storyboard in Resources */ = {isa = PBXBuildFile; fileRef = 1479629927CBAED7008E6D7B /* Main.storyboard */; };
		1479629D27CBAED8008E6D7B /* Assets.xcassets in Resources */ = {isa = PBXBuildFile; fileRef = 1479629C27CBAED8008E6D7B /* Assets.xcassets */; };
		147962A027CBAED8008E6D7B /* LaunchScreen.storyboard in Resources */ = {isa = PBXBuildFile; fileRef = 1479629E27CBAED8008E6D7B /* LaunchScreen.storyboard */; };
		147962AA27CBDB4E008E6D7B /* PlaySoundsViewController.swift in Sources */ = {isa = PBXBuildFile; fileRef = 147962A927CBDB4E008E6D7B /* PlaySoundsViewController.swift */; };
		14FCCCED27CC5CE600C630AE /* playSoundViewController+Audio.swift in Sources */ = {isa = PBXBuildFile; fileRef = 14FCCCEC27CC5CE600C630AE /* playSoundViewController+Audio.swift */; };
/* End PBXBuildFile section */

/* Begin PBXFileReference section */
		1479629027CBAED7008E6D7B /* pitch_friends_app.app */ = {isa = PBXFileReference; explicitFileType = wrapper.application; includeInIndex = 0; path = pitch_friends_app.app; sourceTree = BUILT_PRODUCTS_DIR; };
		1479629327CBAED7008E6D7B /* AppDelegate.swift */ = {isa = PBXFileReference; lastKnownFileType = sourcecode.swift; path = AppDelegate.swift; sourceTree = "<group>"; };
		1479629527CBAED7008E6D7B /* SceneDelegate.swift */ = {isa = PBXFileReference; lastKnownFileType = sourcecode.swift; path = SceneDelegate.swift; sourceTree = "<group>"; };
		1479629727CBAED7008E6D7B /* recordSoundsViewController.swift */ = {isa = PBXFileReference; lastKnownFileType = sourcecode.swift; path = recordSoundsViewController.swift; sourceTree = "<group>"; };
		1479629A27CBAED7008E6D7B /* Base */ = {isa = PBXFileReference; lastKnownFileType = file.storyboard; name = Base; path = Base.lproj/Main.storyboard; sourceTree = "<group>"; };
		1479629C27CBAED8008E6D7B /* Assets.xcassets */ = {isa = PBXFileReference; lastKnownFileType = folder.assetcatalog; path = Assets.xcassets; sourceTree = "<group>"; };
		1479629F27CBAED8008E6D7B /* Base */ = {isa = PBXFileReference; lastKnownFileType = file.storyboard; name = Base; path = Base.lproj/LaunchScreen.storyboard; sourceTree = "<group>"; };
		147962A127CBAED8008E6D7B /* Info.plist */ = {isa = PBXFileReference; lastKnownFileType = text.plist.xml; path = Info.plist; sourceTree = "<group>"; };
		147962A927CBDB4E008E6D7B /* PlaySoundsViewController.swift */ = {isa = PBXFileReference; lastKnownFileType = sourcecode.swift; path = PlaySoundsViewController.swift; sourceTree = "<group>"; };
		14FCCCEC27CC5CE600C630AE /* playSoundViewController+Audio.swift */ = {isa = PBXFileReference; lastKnownFileType = sourcecode.swift; path = "playSoundViewController+Audio.swift"; sourceTree = "<group>"; };
/* End PBXFileReference section */

/* Begin PBXFrameworksBuildPhase section */
		1479628D27CBAED7008E6D7B /* Frameworks */ = {
			isa = PBXFrameworksBuildPhase;
			buildActionMask = 2147483647;
			files = (
			);
			runOnlyForDeploymentPostprocessing = 0;
		};
/* End PBXFrameworksBuildPhase section */

/* Begin PBXGroup section */
		1479628727CBAED6008E6D7B = {
			isa = PBXGroup;
			children = (
				1479629227CBAED7008E6D7B /* pitch_friends_app */,
				1479629127CBAED7008E6D7B /* Products */,
			);
			sourceTree = "<group>";
		};
		1479629127CBAED7008E6D7B /* Products */ = {
			isa = PBXGroup;
			children = (
				1479629027CBAED7008E6D7B /* pitch_friends_app.app */,
			);
			name = Products;
			sourceTree = "<group>";
		};
		1479629227CBAED7008E6D7B /* pitch_friends_app */ = {
			isa = PBXGroup;
			children = (
				1479629327CBAED7008E6D7B /* AppDelegate.swift */,
				1479629527CBAED7008E6D7B /* SceneDelegate.swift */,
				1479629727CBAED7008E6D7B /* recordSoundsViewController.swift */,
				147962A927CBDB4E008E6D7B /* PlaySoundsViewController.swift */,
				14FCCCEC27CC5CE600C630AE /* playSoundViewController+Audio.swift */,
				1479629927CBAED7008E6D7B /* Main.storyboard */,
				1479629C27CBAED8008E6D7B /* Assets.xcassets */,
				1479629E27CBAED8008E6D7B /* LaunchScreen.storyboard */,
				147962A127CBAED8008E6D7B /* Info.plist */,
			);
			path = pitch_friends_app;
			sourceTree = "<group>";
		};
/* End PBXGroup section */

/* Begin PBXNativeTarget section */
		1479628F27CBAED7008E6D7B /* pitch_friends_app */ = {
			isa = PBXNativeTarget;
			buildConfigurationList = 147962A427CBAED8008E6D7B /* Build configuration list for PBXNativeTarget "pitch_friends_app" */;
			buildPhases = (
				1479628C27CBAED7008E6D7B /* Sources */,
				1479628D27CBAED7008E6D7B /* Frameworks */,
				1479628E27CBAED7008E6D7B /* Resources */,
			);
			buildRules = (
			);
			dependencies = (
			);
			name = pitch_friends_app;
			productName = pitch_friends_app;
			productReference = 1479629027CBAED7008E6D7B /* pitch_friends_app.app */;
			productType = "com.apple.product-type.application";
		};
/* End PBXNativeTarget section */

/* Begin PBXProject section */
		1479628827CBAED6008E6D7B /* Project object */ = {
			isa = PBXProject;
			attributes = {
				BuildIndependentTargetsInParallel = 1;
				LastSwiftUpdateCheck = 1320;
				LastUpgradeCheck = 1320;
				TargetAttributes = {
					1479628F27CBAED7008E6D7B = {
						CreatedOnToolsVersion = 13.2.1;
					};
				};
			};
			buildConfigurationList = 1479628B27CBAED6008E6D7B /* Build configuration list for PBXProject "pitch_friends_app" */;
			compatibilityVersion = "Xcode 13.0";
			developmentRegion = en;
			hasScannedForEncodings = 0;
			knownRegions = (
				en,
				Base,
			);
			mainGroup = 1479628727CBAED6008E6D7B;
			productRefGroup = 1479629127CBAED7008E6D7B /* Products */;
			projectDirPath = "";
			projectRoot = "";
			targets = (
				1479628F27CBAED7008E6D7B /* pitch_friends_app */,
			);
		};
/* End PBXProject section */

/* Begin PBXResourcesBuildPhase section */
		1479628E27CBAED7008E6D7B /* Resources */ = {
			isa = PBXResourcesBuildPhase;
			buildActionMask = 2147483647;
			files = (
				147962A027CBAED8008E6D7B /* LaunchScreen.storyboard in Resources */,
				1479629D27CBAED8008E6D7B /* Assets.xcassets in Resources */,
				1479629B27CBAED7008E6D7B /* Main.storyboard in Resources */,
			);
			runOnlyForDeploymentPostprocessing = 0;
		};
/* End PBXResourcesBuildPhase section */

/* Begin PBXSourcesBuildPhase section */
		1479628C27CBAED7008E6D7B /* Sources */ = {
			isa = PBXSourcesBuildPhase;
			buildActionMask = 2147483647;
			files = (
				14FCCCED27CC5CE600C630AE /* playSoundViewController+Audio.swift in Sources */,
				1479629827CBAED7008E6D7B /* recordSoundsViewController.swift in Sources */,
				1479629427CBAED7008E6D7B /* AppDelegate.swift in Sources */,
				147962AA27CBDB4E008E6D7B /* PlaySoundsViewController.swift in Sources */,
				1479629627CBAED7008E6D7B /* SceneDelegate.swift in Sources */,
			);
			runOnlyForDeploymentPostprocessing = 0;
		};
/* End PBXSourcesBuildPhase section */

/* Begin PBXVariantGroup section */
		1479629927CBAED7008E6D7B /* Main.storyboard */ = {
			isa = PBXVariantGroup;
			children = (
				1479629A27CBAED7008E6D7B /* Base */,
			);
			name = Main.storyboard;
			sourceTree = "<group>";
		};
		1479629E27CBAED8008E6D7B /* LaunchScreen.storyboard */ = {
			isa = PBXVariantGroup;
			children = (
				1479629F27CBAED8008E6D7B /* Base */,
			);
			name = LaunchScreen.storyboard;
			sourceTree = "<group>";
		};
/* End PBXVariantGroup section */

/* Begin XCBuildConfiguration section */
		147962A227CBAED8008E6D7B /* Debug */ = {
			isa = XCBuildConfiguration;
			buildSettings = {
				ALWAYS_SEARCH_USER_PATHS = NO;
				CLANG_ANALYZER_NONNULL = YES;
				CLANG_ANALYZER_NUMBER_OBJECT_CONVERSION = YES_AGGRESSIVE;
				CLANG_CXX_LANGUAGE_STANDARD = "gnu++17";
				CLANG_CXX_LIBRARY = "libc++";
				CLANG_ENABLE_MODULES = YES;
				CLANG_ENABLE_OBJC_ARC = YES;
				CLANG_ENABLE_OBJC_WEAK = YES;
				CLANG_WARN_BLOCK_CAPTURE_AUTORELEASING = YES;
				CLANG_WARN_BOOL_CONVERSION = YES;
				CLANG_WARN_COMMA = YES;
				CLANG_WARN_CONSTANT_CONVERSION = YES;
				CLANG_WARN_DEPRECATED_OBJC_IMPLEMENTATIONS = YES;
				CLANG_WARN_DIRECT_OBJC_ISA_USAGE = YES_ERROR;
				CLANG_WARN_DOCUMENTATION_COMMENTS = YES;
				CLANG_WARN_EMPTY_BODY = YES;
				CLANG_WARN_ENUM_CONVERSION = YES;
				CLANG_WARN_INFINITE_RECURSION = YES;
				CLANG_WARN_INT_CONVERSION = YES;
				CLANG_WARN_NON_LITERAL_NULL_CONVERSION = YES;
				CLANG_WARN_OBJC_IMPLICIT_RETAIN_SELF = YES;
				CLANG_WARN_OBJC_LITERAL_CONVERSION = YES;
				CLANG_WARN_OBJC_ROOT_CLASS = YES_ERROR;
				CLANG_WARN_QUOTED_INCLUDE_IN_FRAMEWORK_HEADER = YES;
				CLANG_WARN_RANGE_LOOP_ANALYSIS = YES;
				CLANG_WARN_STRICT_PROTOTYPES = YES;
				CLANG_WARN_SUSPICIOUS_MOVE = YES;
				CLANG_WARN_UNGUARDED_AVAILABILITY = YES_AGGRESSIVE;
				CLANG_WARN_UNREACHABLE_CODE = YES;
				CLANG_WARN__DUPLICATE_METHOD_MATCH = YES;
				COPY_PHASE_STRIP = NO;
				DEBUG_INFORMATION_FORMAT = dwarf;
				ENABLE_STRICT_OBJC_MSGSEND = YES;
				ENABLE_TESTABILITY = YES;
				GCC_C_LANGUAGE_STANDARD = gnu11;
				GCC_DYNAMIC_NO_PIC = NO;
				GCC_NO_COMMON_BLOCKS = YES;
				GCC_OPTIMIZATION_LEVEL = 0;
				GCC_PREPROCESSOR_DEFINITIONS = (
					"DEBUG=1",
					"$(inherited)",
				);
				GCC_WARN_64_TO_32_BIT_CONVERSION = YES;
				GCC_WARN_ABOUT_RETURN_TYPE = YES_ERROR;
				GCC_WARN_UNDECLARED_SELECTOR = YES;
				GCC_WARN_UNINITIALIZED_AUTOS = YES_AGGRESSIVE;
				GCC_WARN_UNUSED_FUNCTION = YES;
				GCC_WARN_UNUSED_VARIABLE = YES;
				IPHONEOS_DEPLOYMENT_TARGET = 15.2;
				MTL_ENABLE_DEBUG_INFO = INCLUDE_SOURCE;
				MTL_FAST_MATH = YES;
				ONLY_ACTIVE_ARCH = YES;
				SDKROOT = iphoneos;
				SWIFT_ACTIVE_COMPILATION_CONDITIONS = DEBUG;
				SWIFT_OPTIMIZATION_LEVEL = "-Onone";
			};
			name = Debug;
		};
		147962A327CBAED8008E6D7B /* Release */ = {
			isa = XCBuildConfiguration;
			buildSettings = {
				ALWAYS_SEARCH_USER_PATHS = NO;
				CLANG_ANALYZER_NONNULL = YES;
				CLANG_ANALYZER_NUMBER_OBJECT_CONVERSION = YES_AGGRESSIVE;
				CLANG_CXX_LANGUAGE_STANDARD = "gnu++17";
				CLANG_CXX_LIBRARY = "libc++";
				CLANG_ENABLE_MODULES = YES;
				CLANG_ENABLE_OBJC_ARC = YES;
				CLANG_ENABLE_OBJC_WEAK = YES;
				CLANG_WARN_BLOCK_CAPTURE_AUTORELEASING = YES;
				CLANG_WARN_BOOL_CONVERSION = YES;
				CLANG_WARN_COMMA = YES;
				CLANG_WARN_CONSTANT_CONVERSION = YES;
				CLANG_WARN_DEPRECATED_OBJC_IMPLEMENTATIONS = YES;
				CLANG_WARN_DIRECT_OBJC_ISA_USAGE = YES_ERROR;
				CLANG_WARN_DOCUMENTATION_COMMENTS = YES;
				CLANG_WARN_EMPTY_BODY = YES;
				CLANG_WARN_ENUM_CONVERSION = YES;
				CLANG_WARN_INFINITE_RECURSION = YES;
				CLANG_WARN_INT_CONVERSION = YES;
				CLANG_WARN_NON_LITERAL_NULL_CONVERSION = YES;
				CLANG_WARN_OBJC_IMPLICIT_RETAIN_SELF = YES;
				CLANG_WARN_OBJC_LITERAL_CONVERSION = YES;
				CLANG_WARN_OBJC_ROOT_CLASS = YES_ERROR;
				CLANG_WARN_QUOTED_INCLUDE_IN_FRAMEWORK_HEADER = YES;
				CLANG_WARN_RANGE_LOOP_ANALYSIS = YES;
				CLANG_WARN_STRICT_PROTOTYPES = YES;
				CLANG_WARN_SUSPICIOUS_MOVE = YES;
				CLANG_WARN_UNGUARDED_AVAILABILITY = YES_AGGRESSIVE;
				CLANG_WARN_UNREACHABLE_CODE = YES;
				CLANG_WARN__DUPLICATE_METHOD_MATCH = YES;
				COPY_PHASE_STRIP = NO;
				DEBUG_INFORMATION_FORMAT = "dwarf-with-dsym";
				ENABLE_NS_ASSERTIONS = NO;
				ENABLE_STRICT_OBJC_MSGSEND = YES;
				GCC_C_LANGUAGE_STANDARD = gnu11;
				GCC_NO_COMMON_BLOCKS = YES;
				GCC_WARN_64_TO_32_BIT_CONVERSION = YES;
				GCC_WARN_ABOUT_RETURN_TYPE = YES_ERROR;
				GCC_WARN_UNDECLARED_SELECTOR = YES;
				GCC_WARN_UNINITIALIZED_AUTOS = YES_AGGRESSIVE;
				GCC_WARN_UNUSED_FUNCTION = YES;
				GCC_WARN_UNUSED_VARIABLE = YES;
				IPHONEOS_DEPLOYMENT_TARGET = 15.2;
				MTL_ENABLE_DEBUG_INFO = NO;
				MTL_FAST_MATH = YES;
				SDKROOT = iphoneos;
				SWIFT_COMPILATION_MODE = wholemodule;
				SWIFT_OPTIMIZATION_LEVEL = "-O";
				VALIDATE_PRODUCT = YES;
			};
			name = Release;
		};
		147962A527CBAED8008E6D7B /* Debug */ = {
			isa = XCBuildConfiguration;
			buildSettings = {
				ASSETCATALOG_COMPILER_APPICON_NAME = AppIcon;
				ASSETCATALOG_COMPILER_GLOBAL_ACCENT_COLOR_NAME = AccentColor;
				CODE_SIGN_STYLE = Automatic;
				CURRENT_PROJECT_VERSION = 1;
				DEVELOPMENT_TEAM = 62XA2K2V6K;
				GENERATE_INFOPLIST_FILE = YES;
				INFOPLIST_FILE = pitch_friends_app/Info.plist;
				INFOPLIST_KEY_UIApplicationSupportsIndirectInputEvents = YES;
				INFOPLIST_KEY_UILaunchStoryboardName = LaunchScreen;
				INFOPLIST_KEY_UIMainStoryboardFile = Main;
				INFOPLIST_KEY_UISupportedInterfaceOrientations_iPad = "UIInterfaceOrientationPortrait UIInterfaceOrientationPortraitUpsideDown UIInterfaceOrientationLandscapeLeft UIInterfaceOrientationLandscapeRight";
				INFOPLIST_KEY_UISupportedInterfaceOrientations_iPhone = "UIInterfaceOrientationPortrait UIInterfaceOrientationLandscapeLeft UIInterfaceOrientationLandscapeRight";
				LD_RUNPATH_SEARCH_PATHS = (
					"$(inherited)",
					"@executable_path/Frameworks",
				);
				MARKETING_VERSION = 1.0;
				PRODUCT_BUNDLE_IDENTIFIER = "com.dfvalenciav.pitch-friends-app";
				PRODUCT_NAME = "$(TARGET_NAME)";
				SWIFT_EMIT_LOC_STRINGS = YES;
				SWIFT_VERSION = 5.0;
				TARGETED_DEVICE_FAMILY = "1,2";
			};
			name = Debug;
		};
		147962A627CBAED8008E6D7B /* Release */ = {
			isa = XCBuildConfiguration;
			buildSettings = {
				ASSETCATALOG_COMPILER_APPICON_NAME = AppIcon;
				ASSETCATALOG_COMPILER_GLOBAL_ACCENT_COLOR_NAME = AccentColor;
				CODE_SIGN_STYLE = Automatic;
				CURRENT_PROJECT_VERSION = 1;
				DEVELOPMENT_TEAM = 62XA2K2V6K;
				GENERATE_INFOPLIST_FILE = YES;
				INFOPLIST_FILE = pitch_friends_app/Info.plist;
				INFOPLIST_KEY_UIApplicationSupportsIndirectInputEvents = YES;
				INFOPLIST_KEY_UILaunchStoryboardName = LaunchScreen;
				INFOPLIST_KEY_UIMainStoryboardFile = Main;
				INFOPLIST_KEY_UISupportedInterfaceOrientations_iPad = "UIInterfaceOrientationPortrait UIInterfaceOrientationPortraitUpsideDown UIInterfaceOrientationLandscapeLeft UIInterfaceOrientationLandscapeRight";
				INFOPLIST_KEY_UISupportedInterfaceOrientations_iPhone = "UIInterfaceOrientationPortrait UIInterfaceOrientationLandscapeLeft UIInterfaceOrientationLandscapeRight";
				LD_RUNPATH_SEARCH_PATHS = (
					"$(inherited)",
					"@executable_path/Frameworks",
				);
				MARKETING_VERSION = 1.0;
				PRODUCT_BUNDLE_IDENTIFIER = "com.dfvalenciav.pitch-friends-app";
				PRODUCT_NAME = "$(TARGET_NAME)";
				SWIFT_EMIT_LOC_STRINGS = YES;
				SWIFT_VERSION = 5.0;
				TARGETED_DEVICE_FAMILY = "1,2";
			};
			name = Release;
		};
/* End XCBuildConfiguration section */

/* Begin XCConfigurationList section */
		1479628B27CBAED6008E6D7B /* Build configuration list for PBXProject "pitch_friends_app" */ = {
			isa = XCConfigurationList;
			buildConfigurations = (
				147962A227CBAED8008E6D7B /* Debug */,
				147962A327CBAED8008E6D7B /* Release */,
			);
			defaultConfigurationIsVisible = 0;
			defaultConfigurationName = Release;
		};
		147962A427CBAED8008E6D7B /* Build configuration list for PBXNativeTarget "pitch_friends_app" */ = {
			isa = XCConfigurationList;
			buildConfigurations = (
				147962A527CBAED8008E6D7B /* Debug */,
				147962A627CBAED8008E6D7B /* Release */,
			);
			defaultConfigurationIsVisible = 0;
			defaultConfigurationName = Release;
		};
/* End XCConfigurationList section */
	};
	rootObject = 1479628827CBAED6008E6D7B /* Project object */;
}
